
Microsoft Visual Studio Solution File, Format Version 12.00
# Visual Studio 15
VisualStudioVersion = 15.0.28307.1169
MinimumVisualStudioVersion = 10.0.40219.1
Project("{8BC9CEB8-8B4A-11D0-8D11-00A0C91BC942}") = "chapter6", "chapter6.vcxproj", "{0164E766-9BE2-43AE-8CED-3127E3828B62}"
EndProject
Global
	GlobalSection(SolutionConfigurationPlatforms) = preSolution
		Debug|x64 = Debug|x64
		Debug|x86 = Debug|x86
		Release|x64 = Release|x64
		Release|x86 = Release|x86
	EndGlobalSection
	GlobalSection(ProjectConfigurationPlatforms) = postSolution
		{0164E766-9BE2-43AE-8CED-3127E3828B62}.Debug|x64.ActiveCfg = Debug|x64
		{0164E766-9BE2-43AE-8CED-3127E3828B62}.Debug|x64.Build.0 = Debug|x64
		{0164E766-9BE2-43AE-8CED-3127E3828B62}.Debug|x86.ActiveCfg = Debug|Win32
		{0164E766-9BE2-43AE-8CED-3127E3828B62}.Debug|x86.Build.0 = Debug|Win32
		{0164E766-9BE2-43AE-8CED-3127E3828B62}.Release|x64.ActiveCfg = Release|x64
		{0164E766-9BE2-43AE-8CED-3127E3828B62}.Release|x64.Build.0 = Release|x64
		{0164E766-9BE2-43AE-8CED-3127E3828B62}.Release|x86.ActiveCfg = Release|Win32
		{0164E766-9BE2-43AE-8CED-3127E3828B62}.Release|x86.Build.0 = Release|Win32
	EndGlobalSection
	GlobalSection(SolutionProperties) = preSolution
		HideSolutionNode = FALSE
	EndGlobalSection
	GlobalSection(ExtensibilityGlobals) = postSolution
		SolutionGuid = {8382D5A8-9B72-42CB-BD7E-C9EA774831BE}
	EndGlobalSection
EndGlobal
