
Microsoft Visual Studio Solution File, Format Version 12.00
# Visual Studio 15
VisualStudioVersion = 15.0.28307.1169
MinimumVisualStudioVersion = 10.0.40219.1
Project("{8BC9CEB8-8B4A-11D0-8D11-00A0C91BC942}") = "chapter8", "chapter8.vcxproj", "{E2B1D131-5F52-4F4F-8E19-2FB9512A7FFE}"
EndProject
Global
	GlobalSection(SolutionConfigurationPlatforms) = preSolution
		Debug|x64 = Debug|x64
		Debug|x86 = Debug|x86
		Release|x64 = Release|x64
		Release|x86 = Release|x86
	EndGlobalSection
	GlobalSection(ProjectConfigurationPlatforms) = postSolution
		{E2B1D131-5F52-4F4F-8E19-2FB9512A7FFE}.Debug|x64.ActiveCfg = Debug|x64
		{E2B1D131-5F52-4F4F-8E19-2FB9512A7FFE}.Debug|x64.Build.0 = Debug|x64
		{E2B1D131-5F52-4F4F-8E19-2FB9512A7FFE}.Debug|x86.ActiveCfg = Debug|Win32
		{E2B1D131-5F52-4F4F-8E19-2FB9512A7FFE}.Debug|x86.Build.0 = Debug|Win32
		{E2B1D131-5F52-4F4F-8E19-2FB9512A7FFE}.Release|x64.ActiveCfg = Release|x64
		{E2B1D131-5F52-4F4F-8E19-2FB9512A7FFE}.Release|x64.Build.0 = Release|x64
		{E2B1D131-5F52-4F4F-8E19-2FB9512A7FFE}.Release|x86.ActiveCfg = Release|Win32
		{E2B1D131-5F52-4F4F-8E19-2FB9512A7FFE}.Release|x86.Build.0 = Release|Win32
	EndGlobalSection
	GlobalSection(SolutionProperties) = preSolution
		HideSolutionNode = FALSE
	EndGlobalSection
	GlobalSection(ExtensibilityGlobals) = postSolution
		SolutionGuid = {CE2BB2BF-9E63-4B31-9686-06AB57E5F1BE}
	EndGlobalSection
EndGlobal
